{
  "name": "test",
  "version": "1.0.0",
  "lockfileVersion": 3,
  "requires": true,
  "packages": {
    "": {
      "name": "test",
      "version": "1.0.0",
      "license": "ISC",
      "dependencies": {
        "aurelius.holgado-frame-print": "^1.0.0"
      }
    },
    "node_modules/aurelius.holgado-frame-print": {
      "version": "1.0.0",
      "resolved": "https://registry.npmjs.org/aurelius.holgado-frame-print/-/aurelius.holgado-frame-print-1.0.0.tgz",
      "integrity": "sha512-NoVO7jZ8kLHy6Bqcw084Ah6B6oPLV6aMsxfH5j8td+LlExMO5ykEvsssMybs1puR+TVqD1tmxZiTSrqTAIDApg=="
    }
  }
}
